
Microsoft Visual Studio Solution File, Format Version 12.00
# Visual Studio 15
Project("{FAE04EC0-301F-11D3-BF4B-00C04F79EFBC}") = "Assembly-CSharp", "Assembly-CSharp.csproj", "{A2A7F1B2-E5D6-BA1E-653C-47F2AB4E561F}"
EndProject
Project("{FAE04EC0-301F-11D3-BF4B-00C04F79EFBC}") = "Assembly-CSharp-Editor", "Assembly-CSharp-Editor.csproj", "{A7B204D5-D895-D5D7-AE2C-73BCFF2D71EB}"
EndProject
Global
	GlobalSection(SolutionConfigurationPlatforms) = preSolution
		Debug|Any CPU = Debug|Any CPU
		Release|Any CPU = Release|Any CPU
	EndGlobalSection
	GlobalSection(ProjectConfigurationPlatforms) = postSolution
		{A2A7F1B2-E5D6-BA1E-653C-47F2AB4E561F}.Debug|Any CPU.ActiveCfg = Debug|Any CPU
		{A2A7F1B2-E5D6-BA1E-653C-47F2AB4E561F}.Debug|Any CPU.Build.0 = Debug|Any CPU
		{A2A7F1B2-E5D6-BA1E-653C-47F2AB4E561F}.Release|Any CPU.ActiveCfg = Release|Any CPU
		{A2A7F1B2-E5D6-BA1E-653C-47F2AB4E561F}.Release|Any CPU.Build.0 = Release|Any CPU
		{A7B204D5-D895-D5D7-AE2C-73BCFF2D71EB}.Debug|Any CPU.ActiveCfg = Debug|Any CPU
		{A7B204D5-D895-D5D7-AE2C-73BCFF2D71EB}.Debug|Any CPU.Build.0 = Debug|Any CPU
		{A7B204D5-D895-D5D7-AE2C-73BCFF2D71EB}.Release|Any CPU.ActiveCfg = Release|Any CPU
		{A7B204D5-D895-D5D7-AE2C-73BCFF2D71EB}.Release|Any CPU.Build.0 = Release|Any CPU
	EndGlobalSection
	GlobalSection(SolutionProperties) = preSolution
		HideSolutionNode = FALSE
	EndGlobalSection
EndGlobal
