
Microsoft Visual Studio Solution File, Format Version 12.00
# Visual Studio 15
Project("{FAE04EC0-301F-11D3-BF4B-00C04F79EFBC}") = "Assembly-CSharp", "Assembly-CSharp.csproj", "{43BBD5F3-8A58-46EE-1EF7-990E6DC8E871}"
EndProject
Global
	GlobalSection(SolutionConfigurationPlatforms) = preSolution
		Debug|Any CPU = Debug|Any CPU
		Release|Any CPU = Release|Any CPU
	EndGlobalSection
	GlobalSection(ProjectConfigurationPlatforms) = postSolution
		{43BBD5F3-8A58-46EE-1EF7-990E6DC8E871}.Debug|Any CPU.ActiveCfg = Debug|Any CPU
		{43BBD5F3-8A58-46EE-1EF7-990E6DC8E871}.Debug|Any CPU.Build.0 = Debug|Any CPU
		{43BBD5F3-8A58-46EE-1EF7-990E6DC8E871}.Release|Any CPU.ActiveCfg = Release|Any CPU
		{43BBD5F3-8A58-46EE-1EF7-990E6DC8E871}.Release|Any CPU.Build.0 = Release|Any CPU
	EndGlobalSection
	GlobalSection(SolutionProperties) = preSolution
		HideSolutionNode = FALSE
	EndGlobalSection
EndGlobal
