
Microsoft Visual Studio Solution File, Format Version 12.00
# Visual Studio 15
Project("{FAE04EC0-301F-11D3-BF4B-00C04F79EFBC}") = "Assembly-CSharp", "Assembly-CSharp.csproj", "{CFC0AEF6-DAA4-F2C4-72FE-9261A6AD6E23}"
EndProject
Project("{FAE04EC0-301F-11D3-BF4B-00C04F79EFBC}") = "Assembly-CSharp-Editor", "Assembly-CSharp-Editor.csproj", "{C72D2763-914E-F73B-128F-ADA3D6383FF8}"
EndProject
Global
	GlobalSection(SolutionConfigurationPlatforms) = preSolution
		Debug|Any CPU = Debug|Any CPU
		Release|Any CPU = Release|Any CPU
	EndGlobalSection
	GlobalSection(ProjectConfigurationPlatforms) = postSolution
		{CFC0AEF6-DAA4-F2C4-72FE-9261A6AD6E23}.Debug|Any CPU.ActiveCfg = Debug|Any CPU
		{CFC0AEF6-DAA4-F2C4-72FE-9261A6AD6E23}.Debug|Any CPU.Build.0 = Debug|Any CPU
		{CFC0AEF6-DAA4-F2C4-72FE-9261A6AD6E23}.Release|Any CPU.ActiveCfg = Release|Any CPU
		{CFC0AEF6-DAA4-F2C4-72FE-9261A6AD6E23}.Release|Any CPU.Build.0 = Release|Any CPU
		{C72D2763-914E-F73B-128F-ADA3D6383FF8}.Debug|Any CPU.ActiveCfg = Debug|Any CPU
		{C72D2763-914E-F73B-128F-ADA3D6383FF8}.Debug|Any CPU.Build.0 = Debug|Any CPU
		{C72D2763-914E-F73B-128F-ADA3D6383FF8}.Release|Any CPU.ActiveCfg = Release|Any CPU
		{C72D2763-914E-F73B-128F-ADA3D6383FF8}.Release|Any CPU.Build.0 = Release|Any CPU
	EndGlobalSection
	GlobalSection(SolutionProperties) = preSolution
		HideSolutionNode = FALSE
	EndGlobalSection
EndGlobal
